
Microsoft Visual Studio Solution File, Format Version 12.00
# Visual Studio Version 16
VisualStudioVersion = 16.0.29905.134
MinimumVisualStudioVersion = 10.0.40219.1
Project("{FAE04EC0-301F-11D3-BF4B-00C04F79EFBC}") = "gInk", "src\gInk.csproj", "{82AD51F9-56A9-4698-A993-CC9E62F56812}"
EndProject
Project("{FAE04EC0-301F-11D3-BF4B-00C04F79EFBC}") = "ThemeColorPicker", "ThemeColorPicker\ThemeColorPicker.csproj", "{A4D1EDB0-61E7-4943-AA8D-E545456BC392}"
EndProject
Global
	GlobalSection(SolutionConfigurationPlatforms) = preSolution
		Debug|Any CPU = Debug|Any CPU
		Debug|x64 = Debug|x64
		Debug|x86 = Debug|x86
		Release|Any CPU = Release|Any CPU
		Release|x64 = Release|x64
		Release|x86 = Release|x86
	EndGlobalSection
	GlobalSection(ProjectConfigurationPlatforms) = postSolution
		{82AD51F9-56A9-4698-A993-CC9E62F56812}.Debug|Any CPU.ActiveCfg = Debug|Any CPU
		{82AD51F9-56A9-4698-A993-CC9E62F56812}.Debug|Any CPU.Build.0 = Debug|Any CPU
		{82AD51F9-56A9-4698-A993-CC9E62F56812}.Debug|x64.ActiveCfg = Debug|x64
		{82AD51F9-56A9-4698-A993-CC9E62F56812}.Debug|x64.Build.0 = Debug|x64
		{82AD51F9-56A9-4698-A993-CC9E62F56812}.Debug|x86.ActiveCfg = Debug|x86
		{82AD51F9-56A9-4698-A993-CC9E62F56812}.Debug|x86.Build.0 = Debug|x86
		{82AD51F9-56A9-4698-A993-CC9E62F56812}.Release|Any CPU.ActiveCfg = Release|Any CPU
		{82AD51F9-56A9-4698-A993-CC9E62F56812}.Release|Any CPU.Build.0 = Release|Any CPU
		{82AD51F9-56A9-4698-A993-CC9E62F56812}.Release|x64.ActiveCfg = Release|x64
		{82AD51F9-56A9-4698-A993-CC9E62F56812}.Release|x64.Build.0 = Release|x64
		{82AD51F9-56A9-4698-A993-CC9E62F56812}.Release|x86.ActiveCfg = Release|x86
		{82AD51F9-56A9-4698-A993-CC9E62F56812}.Release|x86.Build.0 = Release|x86
		{A4D1EDB0-61E7-4943-AA8D-E545456BC392}.Debug|Any CPU.ActiveCfg = Debug|Any CPU
		{A4D1EDB0-61E7-4943-AA8D-E545456BC392}.Debug|Any CPU.Build.0 = Debug|Any CPU
		{A4D1EDB0-61E7-4943-AA8D-E545456BC392}.Debug|x64.ActiveCfg = Debug|Any CPU
		{A4D1EDB0-61E7-4943-AA8D-E545456BC392}.Debug|x64.Build.0 = Debug|Any CPU
		{A4D1EDB0-61E7-4943-AA8D-E545456BC392}.Debug|x86.ActiveCfg = Debug|Any CPU
		{A4D1EDB0-61E7-4943-AA8D-E545456BC392}.Debug|x86.Build.0 = Debug|Any CPU
		{A4D1EDB0-61E7-4943-AA8D-E545456BC392}.Release|Any CPU.ActiveCfg = Release|Any CPU
		{A4D1EDB0-61E7-4943-AA8D-E545456BC392}.Release|Any CPU.Build.0 = Release|Any CPU
		{A4D1EDB0-61E7-4943-AA8D-E545456BC392}.Release|x64.ActiveCfg = Release|Any CPU
		{A4D1EDB0-61E7-4943-AA8D-E545456BC392}.Release|x64.Build.0 = Release|Any CPU
		{A4D1EDB0-61E7-4943-AA8D-E545456BC392}.Release|x86.ActiveCfg = Release|Any CPU
		{A4D1EDB0-61E7-4943-AA8D-E545456BC392}.Release|x86.Build.0 = Release|Any CPU
	EndGlobalSection
	GlobalSection(SolutionProperties) = preSolution
		HideSolutionNode = FALSE
	EndGlobalSection
	GlobalSection(ExtensibilityGlobals) = postSolution
		SolutionGuid = {B22AD8BE-D283-4A40-9336-EBCD71CDED60}
	EndGlobalSection
EndGlobal
